# This file is automatically @generated by Cargo.
# It is not intended for manual editing.
version = 4

[[package]]
name = "glob"
version = "0.3.4"
source = "registry+https://github.com/rust-lang/crates.io-index"
checksum = "e4eba85ea1d0a966a983acd07deee566e67395d2d96b6fb39e62b5a833f1eb0b"

[[package]]
name = "libc"
version = "0.2.189"
source = "git+https://github.com/OxideBSD/libc-crate-oxidebsd.git?branch=oxidebsd#7a5d3250fb318db42acef9b948822ffb31c6e11f"

[[package]]
name = "pam"
version = "0.1.0"
dependencies = [
 "libc",
 "pwd",
 "ttyent",
]

[[package]]
name = "pwd"
version = "0.1.0"

[[package]]
name = "sudo-rs"
version = "0.2.15"
dependencies = [
 "glob",
 "libc",
 "pam",
]

[[package]]
name = "ttyent"
version = "0.1.0"
